
Microsoft Visual Studio Solution File, Format Version 12.00
# Visual Studio Version 16
VisualStudioVersion = 16.0.31911.196
MinimumVisualStudioVersion = 10.0.40219.1
Project("{9A19103F-16F7-4668-BE54-9A1E7A4F7556}") = "CommandHandler", "CommandHandler\CommandHandler.csproj", "{E5F9675F-8CC8-4C07-8A40-A09788950A40}"
EndProject
Project("{9A19103F-16F7-4668-BE54-9A1E7A4F7556}") = "EasyGathering", "EasyGathering\EasyGathering.csproj", "{97406BB0-184E-410B-9E69-1072C5AB642C}"
EndProject
Project("{9A19103F-16F7-4668-BE54-9A1E7A4F7556}") = "ToggleDebugMode", "ToggleDebugMode\ToggleDebugMode.csproj", "{0AC2D1DE-5FA6-408A-B0EE-0214749E54CE}"
EndProject
Project("{9A19103F-16F7-4668-BE54-9A1E7A4F7556}") = "FasterMovementSpeed", "FasterMovementSpeed\FasterMovementSpeed.csproj", "{1A75D2CC-9B06-4E89-A673-FF100802AE0B}"
EndProject
Project("{9A19103F-16F7-4668-BE54-9A1E7A4F7556}") = "BetterMessageWindow", "BetterMessageWindow\BetterMessageWindow.csproj", "{3CB9D0D4-7B7E-40F9-8857-7C913CE8818F}"
EndProject
Project("{9A19103F-16F7-4668-BE54-9A1E7A4F7556}") = "SkillPoints", "SkillPoints\SkillPoints.csproj", "{8208AE18-16CC-41A4-B5CC-A608B1635363}"
EndProject
Project("{9A19103F-16F7-4668-BE54-9A1E7A4F7556}") = "ReplayQuests", "ReplayQuests\ReplayQuests.csproj", "{5DF78445-CBC2-4156-8433-EEA3E507AC99}"
EndProject
Global
	GlobalSection(SolutionConfigurationPlatforms) = preSolution
		Debug|Any CPU = Debug|Any CPU
		Release|Any CPU = Release|Any CPU
	EndGlobalSection
	GlobalSection(ProjectConfigurationPlatforms) = postSolution
		{E5F9675F-8CC8-4C07-8A40-A09788950A40}.Debug|Any CPU.ActiveCfg = Debug|Any CPU
		{E5F9675F-8CC8-4C07-8A40-A09788950A40}.Debug|Any CPU.Build.0 = Debug|Any CPU
		{E5F9675F-8CC8-4C07-8A40-A09788950A40}.Release|Any CPU.ActiveCfg = Release|Any CPU
		{E5F9675F-8CC8-4C07-8A40-A09788950A40}.Release|Any CPU.Build.0 = Release|Any CPU
		{97406BB0-184E-410B-9E69-1072C5AB642C}.Debug|Any CPU.ActiveCfg = Debug|Any CPU
		{97406BB0-184E-410B-9E69-1072C5AB642C}.Debug|Any CPU.Build.0 = Debug|Any CPU
		{97406BB0-184E-410B-9E69-1072C5AB642C}.Release|Any CPU.ActiveCfg = Release|Any CPU
		{97406BB0-184E-410B-9E69-1072C5AB642C}.Release|Any CPU.Build.0 = Release|Any CPU
		{0AC2D1DE-5FA6-408A-B0EE-0214749E54CE}.Debug|Any CPU.ActiveCfg = Debug|Any CPU
		{0AC2D1DE-5FA6-408A-B0EE-0214749E54CE}.Debug|Any CPU.Build.0 = Debug|Any CPU
		{0AC2D1DE-5FA6-408A-B0EE-0214749E54CE}.Release|Any CPU.ActiveCfg = Release|Any CPU
		{0AC2D1DE-5FA6-408A-B0EE-0214749E54CE}.Release|Any CPU.Build.0 = Release|Any CPU
		{1A75D2CC-9B06-4E89-A673-FF100802AE0B}.Debug|Any CPU.ActiveCfg = Debug|Any CPU
		{1A75D2CC-9B06-4E89-A673-FF100802AE0B}.Debug|Any CPU.Build.0 = Debug|Any CPU
		{1A75D2CC-9B06-4E89-A673-FF100802AE0B}.Release|Any CPU.ActiveCfg = Release|Any CPU
		{1A75D2CC-9B06-4E89-A673-FF100802AE0B}.Release|Any CPU.Build.0 = Release|Any CPU
		{3CB9D0D4-7B7E-40F9-8857-7C913CE8818F}.Debug|Any CPU.ActiveCfg = Debug|Any CPU
		{3CB9D0D4-7B7E-40F9-8857-7C913CE8818F}.Debug|Any CPU.Build.0 = Debug|Any CPU
		{3CB9D0D4-7B7E-40F9-8857-7C913CE8818F}.Release|Any CPU.ActiveCfg = Release|Any CPU
		{3CB9D0D4-7B7E-40F9-8857-7C913CE8818F}.Release|Any CPU.Build.0 = Release|Any CPU
		{8208AE18-16CC-41A4-B5CC-A608B1635363}.Debug|Any CPU.ActiveCfg = Debug|Any CPU
		{8208AE18-16CC-41A4-B5CC-A608B1635363}.Debug|Any CPU.Build.0 = Debug|Any CPU
		{8208AE18-16CC-41A4-B5CC-A608B1635363}.Release|Any CPU.ActiveCfg = Release|Any CPU
		{8208AE18-16CC-41A4-B5CC-A608B1635363}.Release|Any CPU.Build.0 = Release|Any CPU
		{5DF78445-CBC2-4156-8433-EEA3E507AC99}.Debug|Any CPU.ActiveCfg = Debug|Any CPU
		{5DF78445-CBC2-4156-8433-EEA3E507AC99}.Debug|Any CPU.Build.0 = Debug|Any CPU
		{5DF78445-CBC2-4156-8433-EEA3E507AC99}.Release|Any CPU.ActiveCfg = Release|Any CPU
		{5DF78445-CBC2-4156-8433-EEA3E507AC99}.Release|Any CPU.Build.0 = Release|Any CPU
	EndGlobalSection
	GlobalSection(SolutionProperties) = preSolution
		HideSolutionNode = FALSE
	EndGlobalSection
	GlobalSection(ExtensibilityGlobals) = postSolution
		SolutionGuid = {69D1B986-C70D-4BA4-93B6-A17BD7222AB8}
	EndGlobalSection
EndGlobal
