
Microsoft Visual Studio Solution File, Format Version 12.00
# Visual Studio Version 16
VisualStudioVersion = 16.0.31911.196
MinimumVisualStudioVersion = 10.0.40219.1
Project("{9A19103F-16F7-4668-BE54-9A1E7A4F7556}") = "CommandHandler", "CommandHandler\CommandHandler.csproj", "{E5F9675F-8CC8-4C07-8A40-A09788950A40}"
EndProject
Project("{9A19103F-16F7-4668-BE54-9A1E7A4F7556}") = "EasyGathering", "EasyGathering\EasyGathering.csproj", "{97406BB0-184E-410B-9E69-1072C5AB642C}"
EndProject
Project("{9A19103F-16F7-4668-BE54-9A1E7A4F7556}") = "ToggleDebugMode", "ToggleDebugMode\ToggleDebugMode.csproj", "{0AC2D1DE-5FA6-408A-B0EE-0214749E54CE}"
EndProject
Project("{9A19103F-16F7-4668-BE54-9A1E7A4F7556}") = "FasterMovementSpeed", "FasterMovementSpeed\FasterMovementSpeed.csproj", "{1A75D2CC-9B06-4E89-A673-FF100802AE0B}"
EndProject
Project("{9A19103F-16F7-4668-BE54-9A1E7A4F7556}") = "BetterMessageWindow", "BetterMessageWindow\BetterMessageWindow.csproj", "{3CB9D0D4-7B7E-40F9-8857-7C913CE8818F}"
EndProject
Project("{9A19103F-16F7-4668-BE54-9A1E7A4F7556}") = "SkillPoints", "SkillPoints\SkillPoints.csproj", "{8208AE18-16CC-41A4-B5CC-A608B1635363}"
EndProject
Project("{9A19103F-16F7-4668-BE54-9A1E7A4F7556}") = "DataDumper", "DataDumper\DataDumper.csproj", "{E31E34CD-CB07-4780-9D5F-A53410CC9116}"
EndProject
Project("{9A19103F-16F7-4668-BE54-9A1E7A4F7556}") = "ItemModsColor", "ItemModsColor\ItemModsColor.csproj", "{57711FEA-A587-4B87-9810-F559A8EE0318}"
EndProject
Project("{9A19103F-16F7-4668-BE54-9A1E7A4F7556}") = "FreeRespec", "FreeRespec\FreeRespec.csproj", "{06DB314C-2714-4336-995A-55CDC5D36C01}"
EndProject
Project("{9A19103F-16F7-4668-BE54-9A1E7A4F7556}") = "FuckElusiveMod", "FuckElusiveMod\FuckElusiveMod.csproj", "{3F354BE8-B139-4499-8381-BC11A37A34AD}"
EndProject
Project("{9A19103F-16F7-4668-BE54-9A1E7A4F7556}") = "RemoveDropsLimit", "RemoveDropsLimit\RemoveDropsLimit.csproj", "{468DD439-601A-4F1D-838A-CA10A8507ECB}"
EndProject
Project("{9A19103F-16F7-4668-BE54-9A1E7A4F7556}") = "BetterShopSelection", "BetterShopSelection\BetterShopSelection.csproj", "{3C542A9D-FC85-43C9-AD53-87A9422A609D}"
EndProject
Project("{9A19103F-16F7-4668-BE54-9A1E7A4F7556}") = "BetterTooltips", "BetterTooltips\BetterTooltips.csproj", "{6594B134-CCA1-4D8B-8656-B4E6544ECA2C}"
EndProject
Project("{9A19103F-16F7-4668-BE54-9A1E7A4F7556}") = "StatPoints", "StatPoints\StatPoints.csproj", "{D57D6CD5-A6A0-42EF-9CC3-6B08B5B33671}"
EndProject
Project("{9A19103F-16F7-4668-BE54-9A1E7A4F7556}") = "UnlockFortunes", "UnlockFortunes\UnlockFortunes.csproj", "{F8BD0D7A-5736-4736-AC4C-4306FE3460AA}"
EndProject
Project("{9A19103F-16F7-4668-BE54-9A1E7A4F7556}") = "BetterBattle", "BetterBattle\BetterBattle.csproj", "{AEE5344C-33AF-4B25-9B2D-E52179581480}"
EndProject
Global
	GlobalSection(SolutionConfigurationPlatforms) = preSolution
		Debug|Any CPU = Debug|Any CPU
		Release|Any CPU = Release|Any CPU
	EndGlobalSection
	GlobalSection(ProjectConfigurationPlatforms) = postSolution
		{E5F9675F-8CC8-4C07-8A40-A09788950A40}.Debug|Any CPU.ActiveCfg = Debug|Any CPU
		{E5F9675F-8CC8-4C07-8A40-A09788950A40}.Debug|Any CPU.Build.0 = Debug|Any CPU
		{E5F9675F-8CC8-4C07-8A40-A09788950A40}.Release|Any CPU.ActiveCfg = Release|Any CPU
		{E5F9675F-8CC8-4C07-8A40-A09788950A40}.Release|Any CPU.Build.0 = Release|Any CPU
		{97406BB0-184E-410B-9E69-1072C5AB642C}.Debug|Any CPU.ActiveCfg = Debug|Any CPU
		{97406BB0-184E-410B-9E69-1072C5AB642C}.Debug|Any CPU.Build.0 = Debug|Any CPU
		{97406BB0-184E-410B-9E69-1072C5AB642C}.Release|Any CPU.ActiveCfg = Release|Any CPU
		{97406BB0-184E-410B-9E69-1072C5AB642C}.Release|Any CPU.Build.0 = Release|Any CPU
		{0AC2D1DE-5FA6-408A-B0EE-0214749E54CE}.Debug|Any CPU.ActiveCfg = Debug|Any CPU
		{0AC2D1DE-5FA6-408A-B0EE-0214749E54CE}.Debug|Any CPU.Build.0 = Debug|Any CPU
		{0AC2D1DE-5FA6-408A-B0EE-0214749E54CE}.Release|Any CPU.ActiveCfg = Release|Any CPU
		{0AC2D1DE-5FA6-408A-B0EE-0214749E54CE}.Release|Any CPU.Build.0 = Release|Any CPU
		{1A75D2CC-9B06-4E89-A673-FF100802AE0B}.Debug|Any CPU.ActiveCfg = Debug|Any CPU
		{1A75D2CC-9B06-4E89-A673-FF100802AE0B}.Debug|Any CPU.Build.0 = Debug|Any CPU
		{1A75D2CC-9B06-4E89-A673-FF100802AE0B}.Release|Any CPU.ActiveCfg = Release|Any CPU
		{1A75D2CC-9B06-4E89-A673-FF100802AE0B}.Release|Any CPU.Build.0 = Release|Any CPU
		{3CB9D0D4-7B7E-40F9-8857-7C913CE8818F}.Debug|Any CPU.ActiveCfg = Debug|Any CPU
		{3CB9D0D4-7B7E-40F9-8857-7C913CE8818F}.Debug|Any CPU.Build.0 = Debug|Any CPU
		{3CB9D0D4-7B7E-40F9-8857-7C913CE8818F}.Release|Any CPU.ActiveCfg = Release|Any CPU
		{3CB9D0D4-7B7E-40F9-8857-7C913CE8818F}.Release|Any CPU.Build.0 = Release|Any CPU
		{8208AE18-16CC-41A4-B5CC-A608B1635363}.Debug|Any CPU.ActiveCfg = Debug|Any CPU
		{8208AE18-16CC-41A4-B5CC-A608B1635363}.Debug|Any CPU.Build.0 = Debug|Any CPU
		{8208AE18-16CC-41A4-B5CC-A608B1635363}.Release|Any CPU.ActiveCfg = Release|Any CPU
		{8208AE18-16CC-41A4-B5CC-A608B1635363}.Release|Any CPU.Build.0 = Release|Any CPU
		{E31E34CD-CB07-4780-9D5F-A53410CC9116}.Debug|Any CPU.ActiveCfg = Debug|Any CPU
		{E31E34CD-CB07-4780-9D5F-A53410CC9116}.Debug|Any CPU.Build.0 = Debug|Any CPU
		{E31E34CD-CB07-4780-9D5F-A53410CC9116}.Release|Any CPU.ActiveCfg = Release|Any CPU
		{E31E34CD-CB07-4780-9D5F-A53410CC9116}.Release|Any CPU.Build.0 = Release|Any CPU
		{57711FEA-A587-4B87-9810-F559A8EE0318}.Debug|Any CPU.ActiveCfg = Debug|Any CPU
		{57711FEA-A587-4B87-9810-F559A8EE0318}.Debug|Any CPU.Build.0 = Debug|Any CPU
		{57711FEA-A587-4B87-9810-F559A8EE0318}.Release|Any CPU.ActiveCfg = Release|Any CPU
		{57711FEA-A587-4B87-9810-F559A8EE0318}.Release|Any CPU.Build.0 = Release|Any CPU
		{06DB314C-2714-4336-995A-55CDC5D36C01}.Debug|Any CPU.ActiveCfg = Debug|Any CPU
		{06DB314C-2714-4336-995A-55CDC5D36C01}.Debug|Any CPU.Build.0 = Debug|Any CPU
		{06DB314C-2714-4336-995A-55CDC5D36C01}.Release|Any CPU.ActiveCfg = Release|Any CPU
		{06DB314C-2714-4336-995A-55CDC5D36C01}.Release|Any CPU.Build.0 = Release|Any CPU
		{3F354BE8-B139-4499-8381-BC11A37A34AD}.Debug|Any CPU.ActiveCfg = Debug|Any CPU
		{3F354BE8-B139-4499-8381-BC11A37A34AD}.Debug|Any CPU.Build.0 = Debug|Any CPU
		{3F354BE8-B139-4499-8381-BC11A37A34AD}.Release|Any CPU.ActiveCfg = Release|Any CPU
		{3F354BE8-B139-4499-8381-BC11A37A34AD}.Release|Any CPU.Build.0 = Release|Any CPU
		{468DD439-601A-4F1D-838A-CA10A8507ECB}.Debug|Any CPU.ActiveCfg = Debug|Any CPU
		{468DD439-601A-4F1D-838A-CA10A8507ECB}.Debug|Any CPU.Build.0 = Debug|Any CPU
		{468DD439-601A-4F1D-838A-CA10A8507ECB}.Release|Any CPU.ActiveCfg = Release|Any CPU
		{468DD439-601A-4F1D-838A-CA10A8507ECB}.Release|Any CPU.Build.0 = Release|Any CPU
		{3C542A9D-FC85-43C9-AD53-87A9422A609D}.Debug|Any CPU.ActiveCfg = Debug|Any CPU
		{3C542A9D-FC85-43C9-AD53-87A9422A609D}.Debug|Any CPU.Build.0 = Debug|Any CPU
		{3C542A9D-FC85-43C9-AD53-87A9422A609D}.Release|Any CPU.ActiveCfg = Release|Any CPU
		{3C542A9D-FC85-43C9-AD53-87A9422A609D}.Release|Any CPU.Build.0 = Release|Any CPU
		{6594B134-CCA1-4D8B-8656-B4E6544ECA2C}.Debug|Any CPU.ActiveCfg = Debug|Any CPU
		{6594B134-CCA1-4D8B-8656-B4E6544ECA2C}.Debug|Any CPU.Build.0 = Debug|Any CPU
		{6594B134-CCA1-4D8B-8656-B4E6544ECA2C}.Release|Any CPU.ActiveCfg = Release|Any CPU
		{6594B134-CCA1-4D8B-8656-B4E6544ECA2C}.Release|Any CPU.Build.0 = Release|Any CPU
		{D57D6CD5-A6A0-42EF-9CC3-6B08B5B33671}.Debug|Any CPU.ActiveCfg = Debug|Any CPU
		{D57D6CD5-A6A0-42EF-9CC3-6B08B5B33671}.Debug|Any CPU.Build.0 = Debug|Any CPU
		{D57D6CD5-A6A0-42EF-9CC3-6B08B5B33671}.Release|Any CPU.ActiveCfg = Release|Any CPU
		{D57D6CD5-A6A0-42EF-9CC3-6B08B5B33671}.Release|Any CPU.Build.0 = Release|Any CPU
		{F8BD0D7A-5736-4736-AC4C-4306FE3460AA}.Debug|Any CPU.ActiveCfg = Debug|Any CPU
		{F8BD0D7A-5736-4736-AC4C-4306FE3460AA}.Debug|Any CPU.Build.0 = Debug|Any CPU
		{F8BD0D7A-5736-4736-AC4C-4306FE3460AA}.Release|Any CPU.ActiveCfg = Release|Any CPU
		{F8BD0D7A-5736-4736-AC4C-4306FE3460AA}.Release|Any CPU.Build.0 = Release|Any CPU
		{AEE5344C-33AF-4B25-9B2D-E52179581480}.Debug|Any CPU.ActiveCfg = Debug|Any CPU
		{AEE5344C-33AF-4B25-9B2D-E52179581480}.Debug|Any CPU.Build.0 = Debug|Any CPU
		{AEE5344C-33AF-4B25-9B2D-E52179581480}.Release|Any CPU.ActiveCfg = Release|Any CPU
		{AEE5344C-33AF-4B25-9B2D-E52179581480}.Release|Any CPU.Build.0 = Release|Any CPU
	EndGlobalSection
	GlobalSection(SolutionProperties) = preSolution
		HideSolutionNode = FALSE
	EndGlobalSection
	GlobalSection(ExtensibilityGlobals) = postSolution
		SolutionGuid = {69D1B986-C70D-4BA4-93B6-A17BD7222AB8}
	EndGlobalSection
EndGlobal
